
Microsoft Visual Studio Solution File, Format Version 12.00
# Visual Studio 15
VisualStudioVersion = 15.0.27428.2015
MinimumVisualStudioVersion = 10.0.40219.1
Project("{2150E333-8FDC-42A3-9474-1A3956D46DE8}") = "StrategyPattern", "StrategyPattern", "{72E9CBBF-CC5D-4B3C-8D62-C8FFD7E5218B}"
EndProject
Project("{FAE04EC0-301F-11D3-BF4B-00C04F79EFBC}") = "CalculateProject", "CalculateProject\CalculateProject.csproj", "{E11A4CBA-EB60-4B77-8CBB-AA60228A7979}"
EndProject
Global
	GlobalSection(SolutionConfigurationPlatforms) = preSolution
		Debug|Any CPU = Debug|Any CPU
		Release|Any CPU = Release|Any CPU
	EndGlobalSection
	GlobalSection(ProjectConfigurationPlatforms) = postSolution
		{E11A4CBA-EB60-4B77-8CBB-AA60228A7979}.Debug|Any CPU.ActiveCfg = Debug|Any CPU
		{E11A4CBA-EB60-4B77-8CBB-AA60228A7979}.Debug|Any CPU.Build.0 = Debug|Any CPU
		{E11A4CBA-EB60-4B77-8CBB-AA60228A7979}.Release|Any CPU.ActiveCfg = Release|Any CPU
		{E11A4CBA-EB60-4B77-8CBB-AA60228A7979}.Release|Any CPU.Build.0 = Release|Any CPU
	EndGlobalSection
	GlobalSection(SolutionProperties) = preSolution
		HideSolutionNode = FALSE
	EndGlobalSection
	GlobalSection(NestedProjects) = preSolution
		{E11A4CBA-EB60-4B77-8CBB-AA60228A7979} = {72E9CBBF-CC5D-4B3C-8D62-C8FFD7E5218B}
	EndGlobalSection
	GlobalSection(ExtensibilityGlobals) = postSolution
		SolutionGuid = {DA1D00C3-597F-4AD8-B44E-1544CF27270C}
	EndGlobalSection
EndGlobal
